// !$*UTF8*$!
{
	archiveVersion = 1;
	classes = {
	};
	objectVersion = 46;
	objects = {

/* Begin PBXBuildFile section */
		094508051E76693D00D9A1B2 /* AppDelegate.swift in Sources */ = {isa = PBXBuildFile; fileRef = 094508041E76693D00D9A1B2 /* AppDelegate.swift */; };
		094508071E76693D00D9A1B2 /* ViewController.swift in Sources */ = {isa = PBXBuildFile; fileRef = 094508061E76693D00D9A1B2 /* ViewController.swift */; };
		0945080A1E76693D00D9A1B2 /* Main.storyboard in Resources */ = {isa = PBXBuildFile; fileRef = 094508081E76693D00D9A1B2 /* Main.storyboard */; };
		0945080C1E76693D00D9A1B2 /* Assets.xcassets in Resources */ = {isa = PBXBuildFile; fileRef = 0945080B1E76693D00D9A1B2 /* Assets.xcassets */; };
		0945080F1E76693D00D9A1B2 /* LaunchScreen.storyboard in Resources */ = {isa = PBXBuildFile; fileRef = 0945080D1E76693D00D9A1B2 /* LaunchScreen.storyboard */; };
		094508171E76808D00D9A1B2 /* settingsViewController.swift in Sources */ = {isa = PBXBuildFile; fileRef = 094508161E76808D00D9A1B2 /* settingsViewController.swift */; };
/* End PBXBuildFile section */

/* Begin PBXFileReference section */
		094508011E76693D00D9A1B2 /* TipCalculator.app */ = {isa = PBXFileReference; explicitFileType = wrapper.application; includeInIndex = 0; path = TipCalculator.app; sourceTree = BUILT_PRODUCTS_DIR; };
		094508041E76693D00D9A1B2 /* AppDelegate.swift */ = {isa = PBXFileReference; lastKnownFileType = sourcecode.swift; path = AppDelegate.swift; sourceTree = "<group>"; };
		094508061E76693D00D9A1B2 /* ViewController.swift */ = {isa = PBXFileReference; lastKnownFileType = sourcecode.swift; path = ViewController.swift; sourceTree = "<group>"; };
		094508091E76693D00D9A1B2 /* Base */ = {isa = PBXFileReference; lastKnownFileType = file.storyboard; name = Base; path = Base.lproj/Main.storyboard; sourceTree = "<group>"; };
		0945080B1E76693D00D9A1B2 /* Assets.xcassets */ = {isa = PBXFileReference; lastKnownFileType = folder.assetcatalog; path = Assets.xcassets; sourceTree = "<group>"; };
		0945080E1E76693D00D9A1B2 /* Base */ = {isa = PBXFileReference; lastKnownFileType = file.storyboard; name = Base; path = Base.lproj/LaunchScreen.storyboard; sourceTree = "<group>"; };
		094508101E76693D00D9A1B2 /* Info.plist */ = {isa = PBXFileReference; lastKnownFileType = text.plist.xml; path = Info.plist; sourceTree = "<group>"; };
		094508161E76808D00D9A1B2 /* settingsViewController.swift */ = {isa = PBXFileReference; fileEncoding = 4; lastKnownFileType = sourcecode.swift; name = settingsViewController.swift; path = TipCalculator/settingsViewController.swift; sourceTree = "<group>"; };
/* End PBXFileReference section */

/* Begin PBXFrameworksBuildPhase section */
		094507FE1E76693D00D9A1B2 /* Frameworks */ = {
			isa = PBXFrameworksBuildPhase;
			buildActionMask = 2147483647;
			files = (
			);
			runOnlyForDeploymentPostprocessing = 0;
		};
/* End PBXFrameworksBuildPhase section */

/* Begin PBXGroup section */
		094507F81E76693D00D9A1B2 = {
			isa = PBXGroup;
			children = (
				094508161E76808D00D9A1B2 /* settingsViewController.swift */,
				094508031E76693D00D9A1B2 /* TipCalculator */,
				094508021E76693D00D9A1B2 /* Products */,
			);
			sourceTree = "<group>";
		};
		094508021E76693D00D9A1B2 /* Products */ = {
			isa = PBXGroup;
			children = (
				094508011E76693D00D9A1B2 /* TipCalculator.app */,
			);
			name = Products;
			sourceTree = "<group>";
		};
		094508031E76693D00D9A1B2 /* TipCalculator */ = {
			isa = PBXGroup;
			children = (
				094508041E76693D00D9A1B2 /* AppDelegate.swift */,
				094508061E76693D00D9A1B2 /* ViewController.swift */,
				094508081E76693D00D9A1B2 /* Main.storyboard */,
				0945080B1E76693D00D9A1B2 /* Assets.xcassets */,
				0945080D1E76693D00D9A1B2 /* LaunchScreen.storyboard */,
				094508101E76693D00D9A1B2 /* Info.plist */,
			);
			path = TipCalculator;
			sourceTree = "<group>";
		};
/* End PBXGroup section */

/* Begin PBXNativeTarget section */
		094508001E76693D00D9A1B2 /* TipCalculator */ = {
			isa = PBXNativeTarget;
			buildConfigurationList = 094508131E76693D00D9A1B2 /* Build configuration list for PBXNativeTarget "TipCalculator" */;
			buildPhases = (
				094507FD1E76693D00D9A1B2 /* Sources */,
				094507FE1E76693D00D9A1B2 /* Frameworks */,
				094507FF1E76693D00D9A1B2 /* Resources */,
			);
			buildRules = (
			);
			dependencies = (
			);
			name = TipCalculator;
			productName = TipCalculator;
			productReference = 094508011E76693D00D9A1B2 /* TipCalculator.app */;
			productType = "com.apple.product-type.application";
		};
/* End PBXNativeTarget section */

/* Begin PBXProject section */
		094507F91E76693D00D9A1B2 /* Project object */ = {
			isa = PBXProject;
			attributes = {
				LastSwiftUpdateCheck = 0820;
				LastUpgradeCheck = 0820;
				ORGANIZATIONNAME = "Shivva Subramani";
				TargetAttributes = {
					094508001E76693D00D9A1B2 = {
						CreatedOnToolsVersion = 8.2.1;
						ProvisioningStyle = Automatic;
					};
				};
			};
			buildConfigurationList = 094507FC1E76693D00D9A1B2 /* Build configuration list for PBXProject "TipCalculator" */;
			compatibilityVersion = "Xcode 3.2";
			developmentRegion = English;
			hasScannedForEncodings = 0;
			knownRegions = (
				en,
				Base,
			);
			mainGroup = 094507F81E76693D00D9A1B2;
			productRefGroup = 094508021E76693D00D9A1B2 /* Products */;
			projectDirPath = "";
			projectRoot = "";
			targets = (
				094508001E76693D00D9A1B2 /* TipCalculator */,
			);
		};
/* End PBXProject section */

/* Begin PBXResourcesBuildPhase section */
		094507FF1E76693D00D9A1B2 /* Resources */ = {
			isa = PBXResourcesBuildPhase;
			buildActionMask = 2147483647;
			files = (
				0945080F1E76693D00D9A1B2 /* LaunchScreen.storyboard in Resources */,
				0945080C1E76693D00D9A1B2 /* Assets.xcassets in Resources */,
				0945080A1E76693D00D9A1B2 /* Main.storyboard in Resources */,
			);
			runOnlyForDeploymentPostprocessing = 0;
		};
/* End PBXResourcesBuildPhase section */

/* Begin PBXSourcesBuildPhase section */
		094507FD1E76693D00D9A1B2 /* Sources */ = {
			isa = PBXSourcesBuildPhase;
			buildActionMask = 2147483647;
			files = (
				094508071E76693D00D9A1B2 /* ViewController.swift in Sources */,
				094508051E76693D00D9A1B2 /* AppDelegate.swift in Sources */,
				094508171E76808D00D9A1B2 /* settingsViewController.swift in Sources */,
			);
			runOnlyForDeploymentPostprocessing = 0;
		};
/* End PBXSourcesBuildPhase section */

/* Begin PBXVariantGroup section */
		094508081E76693D00D9A1B2 /* Main.storyboard */ = {
			isa = PBXVariantGroup;
			children = (
				094508091E76693D00D9A1B2 /* Base */,
			);
			name = Main.storyboard;
			sourceTree = "<group>";
		};
		0945080D1E76693D00D9A1B2 /* LaunchScreen.storyboard */ = {
			isa = PBXVariantGroup;
			children = (
				0945080E1E76693D00D9A1B2 /* Base */,
			);
			name = LaunchScreen.storyboard;
			sourceTree = "<group>";
		};
/* End PBXVariantGroup section */

/* Begin XCBuildConfiguration section */
		094508111E76693D00D9A1B2 /* Debug */ = {
			isa = XCBuildConfiguration;
			buildSettings = {
				ALWAYS_SEARCH_USER_PATHS = NO;
				CLANG_ANALYZER_NONNULL = YES;
				CLANG_CXX_LANGUAGE_STANDARD = "gnu++0x";
				CLANG_CXX_LIBRARY = "libc++";
				CLANG_ENABLE_MODULES = YES;
				CLANG_ENABLE_OBJC_ARC = YES;
				CLANG_WARN_BOOL_CONVERSION = YES;
				CLANG_WARN_CONSTANT_CONVERSION = YES;
				CLANG_WARN_DIRECT_OBJC_ISA_USAGE = YES_ERROR;
				CLANG_WARN_DOCUMENTATION_COMMENTS = YES;
				CLANG_WARN_EMPTY_BODY = YES;
				CLANG_WARN_ENUM_CONVERSION = YES;
				CLANG_WARN_INFINITE_RECURSION = YES;
				CLANG_WARN_INT_CONVERSION = YES;
				CLANG_WARN_OBJC_ROOT_CLASS = YES_ERROR;
				CLANG_WARN_SUSPICIOUS_MOVE = YES;
				CLANG_WARN_UNREACHABLE_CODE = YES;
				CLANG_WARN__DUPLICATE_METHOD_MATCH = YES;
				"CODE_SIGN_IDENTITY[sdk=iphoneos*]" = "iPhone Developer";
				COPY_PHASE_STRIP = NO;
				DEBUG_INFORMATION_FORMAT = dwarf;
				ENABLE_STRICT_OBJC_MSGSEND = YES;
				ENABLE_TESTABILITY = YES;
				GCC_C_LANGUAGE_STANDARD = gnu99;
				GCC_DYNAMIC_NO_PIC = NO;
				GCC_NO_COMMON_BLOCKS = YES;
				GCC_OPTIMIZATION_LEVEL = 0;
				GCC_PREPROCESSOR_DEFINITIONS = (
					"DEBUG=1",
					"$(inherited)",
				);
				GCC_WARN_64_TO_32_BIT_CONVERSION = YES;
				GCC_WARN_ABOUT_RETURN_TYPE = YES_ERROR;
				GCC_WARN_UNDECLARED_SELECTOR = YES;
				GCC_WARN_UNINITIALIZED_AUTOS = YES_AGGRESSIVE;
				GCC_WARN_UNUSED_FUNCTION = YES;
				GCC_WARN_UNUSED_VARIABLE = YES;
				IPHONEOS_DEPLOYMENT_TARGET = 10.2;
				MTL_ENABLE_DEBUG_INFO = YES;
				ONLY_ACTIVE_ARCH = YES;
				SDKROOT = iphoneos;
				SWIFT_ACTIVE_COMPILATION_CONDITIONS = DEBUG;
				SWIFT_OPTIMIZATION_LEVEL = "-Onone";
			};
			name = Debug;
		};
		094508121E76693D00D9A1B2 /* Release */ = {
			isa = XCBuildConfiguration;
			buildSettings = {
				ALWAYS_SEARCH_USER_PATHS = NO;
				CLANG_ANALYZER_NONNULL = YES;
				CLANG_CXX_LANGUAGE_STANDARD = "gnu++0x";
				CLANG_CXX_LIBRARY = "libc++";
				CLANG_ENABLE_MODULES = YES;
				CLANG_ENABLE_OBJC_ARC = YES;
				CLANG_WARN_BOOL_CONVERSION = YES;
				CLANG_WARN_CONSTANT_CONVERSION = YES;
				CLANG_WARN_DIRECT_OBJC_ISA_USAGE = YES_ERROR;
				CLANG_WARN_DOCUMENTATION_COMMENTS = YES;
				CLANG_WARN_EMPTY_BODY = YES;
				CLANG_WARN_ENUM_CONVERSION = YES;
				CLANG_WARN_INFINITE_RECURSION = YES;
				CLANG_WARN_INT_CONVERSION = YES;
				CLANG_WARN_OBJC_ROOT_CLASS = YES_ERROR;
				CLANG_WARN_SUSPICIOUS_MOVE = YES;
				CLANG_WARN_UNREACHABLE_CODE = YES;
				CLANG_WARN__DUPLICATE_METHOD_MATCH = YES;
				"CODE_SIGN_IDENTITY[sdk=iphoneos*]" = "iPhone Developer";
				COPY_PHASE_STRIP = NO;
				DEBUG_INFORMATION_FORMAT = "dwarf-with-dsym";
				ENABLE_NS_ASSERTIONS = NO;
				ENABLE_STRICT_OBJC_MSGSEND = YES;
				GCC_C_LANGUAGE_STANDARD = gnu99;
				GCC_NO_COMMON_BLOCKS = YES;
				GCC_WARN_64_TO_32_BIT_CONVERSION = YES;
				GCC_WARN_ABOUT_RETURN_TYPE = YES_ERROR;
				GCC_WARN_UNDECLARED_SELECTOR = YES;
				GCC_WARN_UNINITIALIZED_AUTOS = YES_AGGRESSIVE;
				GCC_WARN_UNUSED_FUNCTION = YES;
				GCC_WARN_UNUSED_VARIABLE = YES;
				IPHONEOS_DEPLOYMENT_TARGET = 10.2;
				MTL_ENABLE_DEBUG_INFO = NO;
				SDKROOT = iphoneos;
				SWIFT_OPTIMIZATION_LEVEL = "-Owholemodule";
				VALIDATE_PRODUCT = YES;
			};
			name = Release;
		};
		094508141E76693D00D9A1B2 /* Debug */ = {
			isa = XCBuildConfiguration;
			buildSettings = {
				ASSETCATALOG_COMPILER_APPICON_NAME = AppIcon;
				INFOPLIST_FILE = TipCalculator/Info.plist;
				LD_RUNPATH_SEARCH_PATHS = "$(inherited) @executable_path/Frameworks";
				PRODUCT_BUNDLE_IDENTIFIER = com.shivva.TipCalculator;
				PRODUCT_NAME = "$(TARGET_NAME)";
				SWIFT_VERSION = 3.0;
			};
			name = Debug;
		};
		094508151E76693D00D9A1B2 /* Release */ = {
			isa = XCBuildConfiguration;
			buildSettings = {
				ASSETCATALOG_COMPILER_APPICON_NAME = AppIcon;
				INFOPLIST_FILE = TipCalculator/Info.plist;
				LD_RUNPATH_SEARCH_PATHS = "$(inherited) @executable_path/Frameworks";
				PRODUCT_BUNDLE_IDENTIFIER = com.shivva.TipCalculator;
				PRODUCT_NAME = "$(TARGET_NAME)";
				SWIFT_VERSION = 3.0;
			};
			name = Release;
		};
/* End XCBuildConfiguration section */

/* Begin XCConfigurationList section */
		094507FC1E76693D00D9A1B2 /* Build configuration list for PBXProject "TipCalculator" */ = {
			isa = XCConfigurationList;
			buildConfigurations = (
				094508111E76693D00D9A1B2 /* Debug */,
				094508121E76693D00D9A1B2 /* Release */,
			);
			defaultConfigurationIsVisible = 0;
			defaultConfigurationName = Release;
		};
		094508131E76693D00D9A1B2 /* Build configuration list for PBXNativeTarget "TipCalculator" */ = {
			isa = XCConfigurationList;
			buildConfigurations = (
				094508141E76693D00D9A1B2 /* Debug */,
				094508151E76693D00D9A1B2 /* Release */,
			);
			defaultConfigurationIsVisible = 0;
			defaultConfigurationName = Release;
		};
/* End XCConfigurationList section */
	};
	rootObject = 094507F91E76693D00D9A1B2 /* Project object */;
}
